// !$*UTF8*$!
{
	archiveVersion = 1;
	classes = {
	};
	objectVersion = 50;
	objects = {

/* Begin PBXBuildFile section */
		6FC2CB5322F85DCA00931CAC /* ActivityFramework.h in Headers */ = {isa = PBXBuildFile; fileRef = 6FC2CB5122F85DCA00931CAC /* ActivityFramework.h */; settings = {ATTRIBUTES = (Public, ); }; };
		6FC2CB5C22F85E1E00931CAC /* Request.swift in Sources */ = {isa = PBXBuildFile; fileRef = 6FC2CB5A22F85E1E00931CAC /* Request.swift */; };
		6FC2CB5D22F85E1E00931CAC /* NetworkConnector.swift in Sources */ = {isa = PBXBuildFile; fileRef = 6FC2CB5B22F85E1E00931CAC /* NetworkConnector.swift */; };
		6FC2CB6022F85E3F00931CAC /* Cell.swift in Sources */ = {isa = PBXBuildFile; fileRef = 6FC2CB5F22F85E3F00931CAC /* Cell.swift */; };
		6FC2CB6622F861F200931CAC /* DeviceInfo.swift in Sources */ = {isa = PBXBuildFile; fileRef = 6FC2CB6522F861F200931CAC /* DeviceInfo.swift */; };
/* End PBXBuildFile section */

/* Begin PBXFileReference section */
		6FC2CB4E22F85DCA00931CAC /* ActivityFramework.framework */ = {isa = PBXFileReference; explicitFileType = wrapper.framework; includeInIndex = 0; path = ActivityFramework.framework; sourceTree = BUILT_PRODUCTS_DIR; };
		6FC2CB5122F85DCA00931CAC /* ActivityFramework.h */ = {isa = PBXFileReference; lastKnownFileType = sourcecode.c.h; path = ActivityFramework.h; sourceTree = "<group>"; };
		6FC2CB5222F85DCA00931CAC /* Info.plist */ = {isa = PBXFileReference; lastKnownFileType = text.plist.xml; path = Info.plist; sourceTree = "<group>"; };
		6FC2CB5A22F85E1E00931CAC /* Request.swift */ = {isa = PBXFileReference; fileEncoding = 4; lastKnownFileType = sourcecode.swift; path = Request.swift; sourceTree = "<group>"; };
		6FC2CB5B22F85E1E00931CAC /* NetworkConnector.swift */ = {isa = PBXFileReference; fileEncoding = 4; lastKnownFileType = sourcecode.swift; path = NetworkConnector.swift; sourceTree = "<group>"; };
		6FC2CB5F22F85E3F00931CAC /* Cell.swift */ = {isa = PBXFileReference; fileEncoding = 4; lastKnownFileType = sourcecode.swift; path = Cell.swift; sourceTree = "<group>"; };
		6FC2CB6522F861F200931CAC /* DeviceInfo.swift */ = {isa = PBXFileReference; fileEncoding = 4; lastKnownFileType = sourcecode.swift; path = DeviceInfo.swift; sourceTree = "<group>"; };
/* End PBXFileReference section */

/* Begin PBXFrameworksBuildPhase section */
		6FC2CB4B22F85DCA00931CAC /* Frameworks */ = {
			isa = PBXFrameworksBuildPhase;
			buildActionMask = 2147483647;
			files = (
			);
			runOnlyForDeploymentPostprocessing = 0;
		};
/* End PBXFrameworksBuildPhase section */

/* Begin PBXGroup section */
		6FC2CB4422F85DCA00931CAC = {
			isa = PBXGroup;
			children = (
				6FC2CB5022F85DCA00931CAC /* ActivityFramework */,
				6FC2CB4F22F85DCA00931CAC /* Products */,
			);
			sourceTree = "<group>";
		};
		6FC2CB4F22F85DCA00931CAC /* Products */ = {
			isa = PBXGroup;
			children = (
				6FC2CB4E22F85DCA00931CAC /* ActivityFramework.framework */,
			);
			name = Products;
			sourceTree = "<group>";
		};
		6FC2CB5022F85DCA00931CAC /* ActivityFramework */ = {
			isa = PBXGroup;
			children = (
				6FC2CB6422F861DE00931CAC /* Controller */,
				6FC2CB5E22F85E2F00931CAC /* Protocol */,
				6FC2CB5922F85E1200931CAC /* Network */,
				6FC2CB5122F85DCA00931CAC /* ActivityFramework.h */,
				6FC2CB5222F85DCA00931CAC /* Info.plist */,
			);
			path = ActivityFramework;
			sourceTree = "<group>";
		};
		6FC2CB5922F85E1200931CAC /* Network */ = {
			isa = PBXGroup;
			children = (
				6FC2CB5B22F85E1E00931CAC /* NetworkConnector.swift */,
				6FC2CB5A22F85E1E00931CAC /* Request.swift */,
			);
			path = Network;
			sourceTree = "<group>";
		};
		6FC2CB5E22F85E2F00931CAC /* Protocol */ = {
			isa = PBXGroup;
			children = (
				6FC2CB5F22F85E3F00931CAC /* Cell.swift */,
			);
			path = Protocol;
			sourceTree = "<group>";
		};
		6FC2CB6422F861DE00931CAC /* Controller */ = {
			isa = PBXGroup;
			children = (
				6FC2CB6522F861F200931CAC /* DeviceInfo.swift */,
			);
			path = Controller;
			sourceTree = "<group>";
		};
/* End PBXGroup section */

/* Begin PBXHeadersBuildPhase section */
		6FC2CB4922F85DCA00931CAC /* Headers */ = {
			isa = PBXHeadersBuildPhase;
			buildActionMask = 2147483647;
			files = (
				6FC2CB5322F85DCA00931CAC /* ActivityFramework.h in Headers */,
			);
			runOnlyForDeploymentPostprocessing = 0;
		};
/* End PBXHeadersBuildPhase section */

/* Begin PBXNativeTarget section */
		6FC2CB4D22F85DCA00931CAC /* ActivityFramework */ = {
			isa = PBXNativeTarget;
			buildConfigurationList = 6FC2CB5622F85DCA00931CAC /* Build configuration list for PBXNativeTarget "ActivityFramework" */;
			buildPhases = (
				6FC2CB4922F85DCA00931CAC /* Headers */,
				6FC2CB4A22F85DCA00931CAC /* Sources */,
				6FC2CB4B22F85DCA00931CAC /* Frameworks */,
				6FC2CB4C22F85DCA00931CAC /* Resources */,
			);
			buildRules = (
			);
			dependencies = (
			);
			name = ActivityFramework;
			productName = ActivityFramework;
			productReference = 6FC2CB4E22F85DCA00931CAC /* ActivityFramework.framework */;
			productType = "com.apple.product-type.framework";
		};
/* End PBXNativeTarget section */

/* Begin PBXProject section */
		6FC2CB4522F85DCA00931CAC /* Project object */ = {
			isa = PBXProject;
			attributes = {
				LastUpgradeCheck = 1030;
				ORGANIZATIONNAME = system;
				TargetAttributes = {
					6FC2CB4D22F85DCA00931CAC = {
						CreatedOnToolsVersion = 10.3;
						LastSwiftMigration = 1030;
					};
				};
			};
			buildConfigurationList = 6FC2CB4822F85DCA00931CAC /* Build configuration list for PBXProject "ActivityFramework" */;
			compatibilityVersion = "Xcode 9.3";
			developmentRegion = en;
			hasScannedForEncodings = 0;
			knownRegions = (
				en,
			);
			mainGroup = 6FC2CB4422F85DCA00931CAC;
			productRefGroup = 6FC2CB4F22F85DCA00931CAC /* Products */;
			projectDirPath = "";
			projectRoot = "";
			targets = (
				6FC2CB4D22F85DCA00931CAC /* ActivityFramework */,
			);
		};
/* End PBXProject section */

/* Begin PBXResourcesBuildPhase section */
		6FC2CB4C22F85DCA00931CAC /* Resources */ = {
			isa = PBXResourcesBuildPhase;
			buildActionMask = 2147483647;
			files = (
			);
			runOnlyForDeploymentPostprocessing = 0;
		};
/* End PBXResourcesBuildPhase section */

/* Begin PBXSourcesBuildPhase section */
		6FC2CB4A22F85DCA00931CAC /* Sources */ = {
			isa = PBXSourcesBuildPhase;
			buildActionMask = 2147483647;
			files = (
				6FC2CB5D22F85E1E00931CAC /* NetworkConnector.swift in Sources */,
				6FC2CB5C22F85E1E00931CAC /* Request.swift in Sources */,
				6FC2CB6022F85E3F00931CAC /* Cell.swift in Sources */,
				6FC2CB6622F861F200931CAC /* DeviceInfo.swift in Sources */,
			);
			runOnlyForDeploymentPostprocessing = 0;
		};
/* End PBXSourcesBuildPhase section */

/* Begin XCBuildConfiguration section */
		6FC2CB5422F85DCA00931CAC /* Debug */ = {
			isa = XCBuildConfiguration;
			buildSettings = {
				ALWAYS_SEARCH_USER_PATHS = NO;
				CLANG_ANALYZER_NONNULL = YES;
				CLANG_ANALYZER_NUMBER_OBJECT_CONVERSION = YES_AGGRESSIVE;
				CLANG_CXX_LANGUAGE_STANDARD = "gnu++14";
				CLANG_CXX_LIBRARY = "libc++";
				CLANG_ENABLE_MODULES = YES;
				CLANG_ENABLE_OBJC_ARC = YES;
				CLANG_ENABLE_OBJC_WEAK = YES;
				CLANG_WARN_BLOCK_CAPTURE_AUTORELEASING = YES;
				CLANG_WARN_BOOL_CONVERSION = YES;
				CLANG_WARN_COMMA = YES;
				CLANG_WARN_CONSTANT_CONVERSION = YES;
				CLANG_WARN_DEPRECATED_OBJC_IMPLEMENTATIONS = YES;
				CLANG_WARN_DIRECT_OBJC_ISA_USAGE = YES_ERROR;
				CLANG_WARN_DOCUMENTATION_COMMENTS = YES;
				CLANG_WARN_EMPTY_BODY = YES;
				CLANG_WARN_ENUM_CONVERSION = YES;
				CLANG_WARN_INFINITE_RECURSION = YES;
				CLANG_WARN_INT_CONVERSION = YES;
				CLANG_WARN_NON_LITERAL_NULL_CONVERSION = YES;
				CLANG_WARN_OBJC_IMPLICIT_RETAIN_SELF = YES;
				CLANG_WARN_OBJC_LITERAL_CONVERSION = YES;
				CLANG_WARN_OBJC_ROOT_CLASS = YES_ERROR;
				CLANG_WARN_RANGE_LOOP_ANALYSIS = YES;
				CLANG_WARN_STRICT_PROTOTYPES = YES;
				CLANG_WARN_SUSPICIOUS_MOVE = YES;
				CLANG_WARN_UNGUARDED_AVAILABILITY = YES_AGGRESSIVE;
				CLANG_WARN_UNREACHABLE_CODE = YES;
				CLANG_WARN__DUPLICATE_METHOD_MATCH = YES;
				CODE_SIGN_IDENTITY = "iPhone Developer";
				COPY_PHASE_STRIP = NO;
				CURRENT_PROJECT_VERSION = 1;
				DEBUG_INFORMATION_FORMAT = dwarf;
				ENABLE_STRICT_OBJC_MSGSEND = YES;
				ENABLE_TESTABILITY = YES;
				GCC_C_LANGUAGE_STANDARD = gnu11;
				GCC_DYNAMIC_NO_PIC = NO;
				GCC_NO_COMMON_BLOCKS = YES;
				GCC_OPTIMIZATION_LEVEL = 0;
				GCC_PREPROCESSOR_DEFINITIONS = (
					"DEBUG=1",
					"$(inherited)",
				);
				GCC_WARN_64_TO_32_BIT_CONVERSION = YES;
				GCC_WARN_ABOUT_RETURN_TYPE = YES_ERROR;
				GCC_WARN_UNDECLARED_SELECTOR = YES;
				GCC_WARN_UNINITIALIZED_AUTOS = YES_AGGRESSIVE;
				GCC_WARN_UNUSED_FUNCTION = YES;
				GCC_WARN_UNUSED_VARIABLE = YES;
				IPHONEOS_DEPLOYMENT_TARGET = 12.4;
				MTL_ENABLE_DEBUG_INFO = INCLUDE_SOURCE;
				MTL_FAST_MATH = YES;
				ONLY_ACTIVE_ARCH = YES;
				SDKROOT = iphoneos;
				SWIFT_ACTIVE_COMPILATION_CONDITIONS = DEBUG;
				SWIFT_OPTIMIZATION_LEVEL = "-Onone";
				VERSIONING_SYSTEM = "apple-generic";
				VERSION_INFO_PREFIX = "";
			};
			name = Debug;
		};
		6FC2CB5522F85DCA00931CAC /* Release */ = {
			isa = XCBuildConfiguration;
			buildSettings = {
				ALWAYS_SEARCH_USER_PATHS = NO;
				CLANG_ANALYZER_NONNULL = YES;
				CLANG_ANALYZER_NUMBER_OBJECT_CONVERSION = YES_AGGRESSIVE;
				CLANG_CXX_LANGUAGE_STANDARD = "gnu++14";
				CLANG_CXX_LIBRARY = "libc++";
				CLANG_ENABLE_MODULES = YES;
				CLANG_ENABLE_OBJC_ARC = YES;
				CLANG_ENABLE_OBJC_WEAK = YES;
				CLANG_WARN_BLOCK_CAPTURE_AUTORELEASING = YES;
				CLANG_WARN_BOOL_CONVERSION = YES;
				CLANG_WARN_COMMA = YES;
				CLANG_WARN_CONSTANT_CONVERSION = YES;
				CLANG_WARN_DEPRECATED_OBJC_IMPLEMENTATIONS = YES;
				CLANG_WARN_DIRECT_OBJC_ISA_USAGE = YES_ERROR;
				CLANG_WARN_DOCUMENTATION_COMMENTS = YES;
				CLANG_WARN_EMPTY_BODY = YES;
				CLANG_WARN_ENUM_CONVERSION = YES;
				CLANG_WARN_INFINITE_RECURSION = YES;
				CLANG_WARN_INT_CONVERSION = YES;
				CLANG_WARN_NON_LITERAL_NULL_CONVERSION = YES;
				CLANG_WARN_OBJC_IMPLICIT_RETAIN_SELF = YES;
				CLANG_WARN_OBJC_LITERAL_CONVERSION = YES;
				CLANG_WARN_OBJC_ROOT_CLASS = YES_ERROR;
				CLANG_WARN_RANGE_LOOP_ANALYSIS = YES;
				CLANG_WARN_STRICT_PROTOTYPES = YES;
				CLANG_WARN_SUSPICIOUS_MOVE = YES;
				CLANG_WARN_UNGUARDED_AVAILABILITY = YES_AGGRESSIVE;
				CLANG_WARN_UNREACHABLE_CODE = YES;
				CLANG_WARN__DUPLICATE_METHOD_MATCH = YES;
				CODE_SIGN_IDENTITY = "iPhone Developer";
				COPY_PHASE_STRIP = NO;
				CURRENT_PROJECT_VERSION = 1;
				DEBUG_INFORMATION_FORMAT = "dwarf-with-dsym";
				ENABLE_NS_ASSERTIONS = NO;
				ENABLE_STRICT_OBJC_MSGSEND = YES;
				GCC_C_LANGUAGE_STANDARD = gnu11;
				GCC_NO_COMMON_BLOCKS = YES;
				GCC_WARN_64_TO_32_BIT_CONVERSION = YES;
				GCC_WARN_ABOUT_RETURN_TYPE = YES_ERROR;
				GCC_WARN_UNDECLARED_SELECTOR = YES;
				GCC_WARN_UNINITIALIZED_AUTOS = YES_AGGRESSIVE;
				GCC_WARN_UNUSED_FUNCTION = YES;
				GCC_WARN_UNUSED_VARIABLE = YES;
				IPHONEOS_DEPLOYMENT_TARGET = 12.4;
				MTL_ENABLE_DEBUG_INFO = NO;
				MTL_FAST_MATH = YES;
				SDKROOT = iphoneos;
				SWIFT_COMPILATION_MODE = wholemodule;
				SWIFT_OPTIMIZATION_LEVEL = "-O";
				VALIDATE_PRODUCT = YES;
				VERSIONING_SYSTEM = "apple-generic";
				VERSION_INFO_PREFIX = "";
			};
			name = Release;
		};
		6FC2CB5722F85DCA00931CAC /* Debug */ = {
			isa = XCBuildConfiguration;
			buildSettings = {
				CLANG_ENABLE_MODULES = YES;
				CODE_SIGN_IDENTITY = "";
				CODE_SIGN_STYLE = Automatic;
				DEFINES_MODULE = YES;
				DEVELOPMENT_TEAM = 6Z8GN8WKY7;
				DYLIB_COMPATIBILITY_VERSION = 1;
				DYLIB_CURRENT_VERSION = 1;
				DYLIB_INSTALL_NAME_BASE = "@rpath";
				INFOPLIST_FILE = ActivityFramework/Info.plist;
				INSTALL_PATH = "$(LOCAL_LIBRARY_DIR)/Frameworks";
				LD_RUNPATH_SEARCH_PATHS = (
					"$(inherited)",
					"@executable_path/Frameworks",
					"@loader_path/Frameworks",
				);
				PRODUCT_BUNDLE_IDENTIFIER = com.sample.ActivityFramework;
				PRODUCT_NAME = "$(TARGET_NAME:c99extidentifier)";
				SKIP_INSTALL = YES;
				SWIFT_OPTIMIZATION_LEVEL = "-Onone";
				SWIFT_VERSION = 5.0;
				TARGETED_DEVICE_FAMILY = "1,2";
			};
			name = Debug;
		};
		6FC2CB5822F85DCA00931CAC /* Release */ = {
			isa = XCBuildConfiguration;
			buildSettings = {
				CLANG_ENABLE_MODULES = YES;
				CODE_SIGN_IDENTITY = "";
				CODE_SIGN_STYLE = Automatic;
				DEFINES_MODULE = YES;
				DEVELOPMENT_TEAM = 6Z8GN8WKY7;
				DYLIB_COMPATIBILITY_VERSION = 1;
				DYLIB_CURRENT_VERSION = 1;
				DYLIB_INSTALL_NAME_BASE = "@rpath";
				INFOPLIST_FILE = ActivityFramework/Info.plist;
				INSTALL_PATH = "$(LOCAL_LIBRARY_DIR)/Frameworks";
				LD_RUNPATH_SEARCH_PATHS = (
					"$(inherited)",
					"@executable_path/Frameworks",
					"@loader_path/Frameworks",
				);
				PRODUCT_BUNDLE_IDENTIFIER = com.sample.ActivityFramework;
				PRODUCT_NAME = "$(TARGET_NAME:c99extidentifier)";
				SKIP_INSTALL = YES;
				SWIFT_VERSION = 5.0;
				TARGETED_DEVICE_FAMILY = "1,2";
			};
			name = Release;
		};
/* End XCBuildConfiguration section */

/* Begin XCConfigurationList section */
		6FC2CB4822F85DCA00931CAC /* Build configuration list for PBXProject "ActivityFramework" */ = {
			isa = XCConfigurationList;
			buildConfigurations = (
				6FC2CB5422F85DCA00931CAC /* Debug */,
				6FC2CB5522F85DCA00931CAC /* Release */,
			);
			defaultConfigurationIsVisible = 0;
			defaultConfigurationName = Release;
		};
		6FC2CB5622F85DCA00931CAC /* Build configuration list for PBXNativeTarget "ActivityFramework" */ = {
			isa = XCConfigurationList;
			buildConfigurations = (
				6FC2CB5722F85DCA00931CAC /* Debug */,
				6FC2CB5822F85DCA00931CAC /* Release */,
			);
			defaultConfigurationIsVisible = 0;
			defaultConfigurationName = Release;
		};
/* End XCConfigurationList section */
	};
	rootObject = 6FC2CB4522F85DCA00931CAC /* Project object */;
}
